
Microsoft Visual Studio Solution File, Format Version 12.00
# Visual Studio Version 17
VisualStudioVersion = 17.9.34728.123
MinimumVisualStudioVersion = 10.0.40219.1
Project("{9A19103F-16F7-4668-BE54-9A1E7A4F7556}") = "AnonymousBlog.Infra", "AnonymousBlog.Infra\AnonymousBlog.Infra.csproj", "{3BC57EE4-014F-49C7-A687-E944417BE43E}"
EndProject
Project("{9A19103F-16F7-4668-BE54-9A1E7A4F7556}") = "AnonymousBlog.Core", "AnonymousBlog.Core\AnonymousBlog.Core.csproj", "{77C6C526-7804-4CCA-94DF-3C48F6223571}"
EndProject
Project("{9A19103F-16F7-4668-BE54-9A1E7A4F7556}") = "AnonymousBlog.Test", "AnonymousBlog.Test\AnonymousBlog.Test.csproj", "{89A0DFBD-87BF-4CB2-865B-81E72A168303}"
EndProject
Project("{9A19103F-16F7-4668-BE54-9A1E7A4F7556}") = "AnonymousBlog.Application", "AnonymousBlog.Application\AnonymousBlog.Application.csproj", "{630611F8-9FE0-44A1-9FB4-E9EAE61624CA}"
EndProject
Project("{9A19103F-16F7-4668-BE54-9A1E7A4F7556}") = "AnonymousBlog.Ui", "AnonymousBlog.Ui\AnonymousBlog.Ui.csproj", "{F24CC4AB-D90C-4D46-9C0E-0C4627477357}"
EndProject
Project("{2150E333-8FDC-42A3-9474-1A3956D46DE8}") = "Itens de Solução", "Itens de Solução", "{4963A24A-98C4-4C87-ADBC-FD7C1C727800}"
	ProjectSection(SolutionItems) = preProject
		.gitignore = .gitignore
	EndProjectSection
EndProject
Global
	GlobalSection(SolutionConfigurationPlatforms) = preSolution
		Debug|Any CPU = Debug|Any CPU
		Release|Any CPU = Release|Any CPU
	EndGlobalSection
	GlobalSection(ProjectConfigurationPlatforms) = postSolution
		{3BC57EE4-014F-49C7-A687-E944417BE43E}.Debug|Any CPU.ActiveCfg = Debug|Any CPU
		{3BC57EE4-014F-49C7-A687-E944417BE43E}.Debug|Any CPU.Build.0 = Debug|Any CPU
		{3BC57EE4-014F-49C7-A687-E944417BE43E}.Release|Any CPU.ActiveCfg = Release|Any CPU
		{3BC57EE4-014F-49C7-A687-E944417BE43E}.Release|Any CPU.Build.0 = Release|Any CPU
		{77C6C526-7804-4CCA-94DF-3C48F6223571}.Debug|Any CPU.ActiveCfg = Debug|Any CPU
		{77C6C526-7804-4CCA-94DF-3C48F6223571}.Debug|Any CPU.Build.0 = Debug|Any CPU
		{77C6C526-7804-4CCA-94DF-3C48F6223571}.Release|Any CPU.ActiveCfg = Release|Any CPU
		{77C6C526-7804-4CCA-94DF-3C48F6223571}.Release|Any CPU.Build.0 = Release|Any CPU
		{89A0DFBD-87BF-4CB2-865B-81E72A168303}.Debug|Any CPU.ActiveCfg = Debug|Any CPU
		{89A0DFBD-87BF-4CB2-865B-81E72A168303}.Debug|Any CPU.Build.0 = Debug|Any CPU
		{89A0DFBD-87BF-4CB2-865B-81E72A168303}.Release|Any CPU.ActiveCfg = Release|Any CPU
		{89A0DFBD-87BF-4CB2-865B-81E72A168303}.Release|Any CPU.Build.0 = Release|Any CPU
		{630611F8-9FE0-44A1-9FB4-E9EAE61624CA}.Debug|Any CPU.ActiveCfg = Debug|Any CPU
		{630611F8-9FE0-44A1-9FB4-E9EAE61624CA}.Debug|Any CPU.Build.0 = Debug|Any CPU
		{630611F8-9FE0-44A1-9FB4-E9EAE61624CA}.Release|Any CPU.ActiveCfg = Release|Any CPU
		{630611F8-9FE0-44A1-9FB4-E9EAE61624CA}.Release|Any CPU.Build.0 = Release|Any CPU
		{F24CC4AB-D90C-4D46-9C0E-0C4627477357}.Debug|Any CPU.ActiveCfg = Debug|Any CPU
		{F24CC4AB-D90C-4D46-9C0E-0C4627477357}.Debug|Any CPU.Build.0 = Debug|Any CPU
		{F24CC4AB-D90C-4D46-9C0E-0C4627477357}.Release|Any CPU.ActiveCfg = Release|Any CPU
		{F24CC4AB-D90C-4D46-9C0E-0C4627477357}.Release|Any CPU.Build.0 = Release|Any CPU
	EndGlobalSection
	GlobalSection(SolutionProperties) = preSolution
		HideSolutionNode = FALSE
	EndGlobalSection
	GlobalSection(ExtensibilityGlobals) = postSolution
		SolutionGuid = {0F55FA77-E301-4447-B0C2-11B8CD5D5620}
	EndGlobalSection
EndGlobal
